
Microsoft Visual Studio Solution File, Format Version 12.00
# Visual Studio Version 17
VisualStudioVersion = 17.11.35327.3
MinimumVisualStudioVersion = 10.0.40219.1
Project("{FAE04EC0-301F-11D3-BF4B-00C04F79EFBC}") = "CICDLibrary", "CICDProject\CICDLibrary.csproj", "{A3BA9034-A3EF-495F-97D1-29B3565209DD}"
EndProject
Project("{FAE04EC0-301F-11D3-BF4B-00C04F79EFBC}") = "CICDTesting", "CICDTesting\CICDTesting.csproj", "{CF23B6B2-59CD-4069-875D-7CFD61B01630}"
EndProject
Global
	GlobalSection(SolutionConfigurationPlatforms) = preSolution
		Debug|Any CPU = Debug|Any CPU
		Release|Any CPU = Release|Any CPU
	EndGlobalSection
	GlobalSection(ProjectConfigurationPlatforms) = postSolution
		{A3BA9034-A3EF-495F-97D1-29B3565209DD}.Debug|Any CPU.ActiveCfg = Debug|Any CPU
		{A3BA9034-A3EF-495F-97D1-29B3565209DD}.Debug|Any CPU.Build.0 = Debug|Any CPU
		{A3BA9034-A3EF-495F-97D1-29B3565209DD}.Release|Any CPU.ActiveCfg = Release|Any CPU
		{A3BA9034-A3EF-495F-97D1-29B3565209DD}.Release|Any CPU.Build.0 = Release|Any CPU
		{CF23B6B2-59CD-4069-875D-7CFD61B01630}.Debug|Any CPU.ActiveCfg = Debug|Any CPU
		{CF23B6B2-59CD-4069-875D-7CFD61B01630}.Debug|Any CPU.Build.0 = Debug|Any CPU
		{CF23B6B2-59CD-4069-875D-7CFD61B01630}.Release|Any CPU.ActiveCfg = Release|Any CPU
		{CF23B6B2-59CD-4069-875D-7CFD61B01630}.Release|Any CPU.Build.0 = Release|Any CPU
	EndGlobalSection
	GlobalSection(SolutionProperties) = preSolution
		HideSolutionNode = FALSE
	EndGlobalSection
	GlobalSection(ExtensibilityGlobals) = postSolution
		SolutionGuid = {3FBA924F-4E19-4B0D-9248-4916230BA8A7}
	EndGlobalSection
EndGlobal
